# @generated - this file is auto-generated by `mise lock` https://mise.jdx.dev/dev-tools/mise-lock.html

[[tools.java]]
version = "liberica-17.0.6+10"
backend = "core:java"

[tools.java."platforms.linux-arm64"]
checksum = "sha1:3f35ee9fac9ab87b163333bc6c7802753730a680"
url = "https://github.com/bell-sw/Liberica/releases/download/17.0.6%2B10/bellsoft-jdk17.0.6%2B10-linux-aarch64.tar.gz"

[tools.java."platforms.linux-x64"]
checksum = "sha1:3921ead0629aa003b3ec3afad7557bbea397fb1e"
url = "https://github.com/bell-sw/Liberica/releases/download/17.0.6%2B10/bellsoft-jdk17.0.6%2B10-linux-amd64.tar.gz"

[tools.java."platforms.macos-arm64"]
checksum = "sha1:2af64f6f557c6cbf96cac7022eba2c9779a6be7a"
url = "https://github.com/bell-sw/Liberica/releases/download/17.0.6%2B10/bellsoft-jdk17.0.6%2B10-macos-aarch64.tar.gz"

[tools.java."platforms.macos-x64"]
checksum = "sha1:e78e899e7a6449751c5431d53a9cb9ed001da90d"
url = "https://github.com/bell-sw/Liberica/releases/download/17.0.6%2B10/bellsoft-jdk17.0.6%2B10-macos-amd64.tar.gz"

[[tools.node]]
version = "18.2.0"
backend = "core:node"

[tools.node."platforms.linux-arm64"]
checksum = "sha256:9dc8ca472c79e842d4faf600876b643ab485936fe4870fbafaa7c19b2d153353"
url = "https://nodejs.org/dist/v18.2.0/node-v18.2.0-linux-arm64.tar.gz"

[tools.node."platforms.linux-x64"]
checksum = "sha256:73d3f98e96e098587c2154dcaa82a6469a510e89a4881663dc4c86985acf245e"
url = "https://nodejs.org/dist/v18.2.0/node-v18.2.0-linux-x64.tar.gz"

[tools.node."platforms.macos-arm64"]
checksum = "sha256:d140f15ca709767365e09edd0cb345f10f32f582d82d726f67f63dd7db4443d1"
url = "https://nodejs.org/dist/v18.2.0/node-v18.2.0-darwin-arm64.tar.gz"

[tools.node."platforms.macos-x64"]
checksum = "sha256:0b03647ac5805df335c6601d1a1838c6a2f4edbed7d098982bfd39e71b5fd8f8"
url = "https://nodejs.org/dist/v18.2.0/node-v18.2.0-darwin-x64.tar.gz"

[[tools.node]]
version = "22.14.0"
backend = "core:node"

[tools.node."platforms.linux-arm64"]
checksum = "sha256:8cf30ff7250f9463b53c18f89c6c606dfda70378215b2c905d0a9a8b08bd45e0"
url = "https://nodejs.org/dist/v22.14.0/node-v22.14.0-linux-arm64.tar.gz"

[tools.node."platforms.linux-x64"]
checksum = "sha256:9d942932535988091034dc94cc5f42b6dc8784d6366df3a36c4c9ccb3996f0c2"
url = "https://nodejs.org/dist/v22.14.0/node-v22.14.0-linux-x64.tar.gz"

[tools.node."platforms.macos-arm64"]
checksum = "sha256:e9404633bc02a5162c5c573b1e2490f5fb44648345d64a958b17e325729a5e42"
url = "https://nodejs.org/dist/v22.14.0/node-v22.14.0-darwin-arm64.tar.gz"

[tools.node."platforms.macos-x64"]
checksum = "sha256:6698587713ab565a94a360e091df9f6d91c8fadda6d00f0cf6526e9b40bed250"
url = "https://nodejs.org/dist/v22.14.0/node-v22.14.0-darwin-x64.tar.gz"

[[tools.ruby]]
version = "3.3.0"
backend = "core:ruby"

[tools.ruby.options]
compile = "false"
precompiled_url = "jdx/ruby"
ruby_build_repo = "https://github.com/rbenv/ruby-build.git"
ruby_install = "false"

[tools.ruby."platforms.linux-arm64"]
checksum = "sha256:d03e0e1dc566aa6512baffb9373be48d36d4fde3ca9b58e0184eb5113a507eda"
url = "https://github.com/jdx/ruby/releases/download/3.3.0-4/ruby-3.3.0.arm64_linux.tar.gz"
provenance = "github-attestations"

[tools.ruby."platforms.linux-x64"]
checksum = "sha256:7b2cec2a09b60b225b2b216938332ea009cf17dd21b9a2096aeaf963df957641"
url = "https://github.com/jdx/ruby/releases/download/3.3.0-4/ruby-3.3.0.x86_64_linux.tar.gz"
provenance = "github-attestations"

[tools.ruby."platforms.macos-arm64"]
checksum = "sha256:0f3be0a98f46c6771f546ae753a6affd5f87dda4e5fbb222424c39a7fa82a99a"
url = "https://github.com/jdx/ruby/releases/download/3.3.0-4/ruby-3.3.0.macos.tar.gz"
provenance = "github-attestations"

[tools.ruby."platforms.macos-x64"]
checksum = "sha256:96518814d9832bece92a85415a819d4893b307db5921ae1f0f751a9a89a56b7d"
url = "https://cache.ruby-lang.org/pub/ruby/3.3/ruby-3.3.0.tar.gz"
