PODS:
  - boost-for-react-native (1.63.0)
  - CocoaAsyncSocket (7.6.5)
  - DoubleConversion (1.1.6)
  - FBLazyVector (0.64.4)
  - FBReactNativeSpec (0.64.4):
    - RCT-Folly (= 2020.01.13.00)
    - RCTRequired (= 0.64.4)
    - RCTTypeSafety (= 0.64.4)
    - React-Core (= 0.64.4)
    - React-jsi (= 0.64.4)
    - ReactCommon/turbomodule/core (= 0.64.4)
  - Flipper (0.75.1):
    - Flipper-Folly (~> 2.5)
    - Flipper-RSocket (~> 1.3)
  - Flipper-DoubleConversion (1.1.7)
  - Flipper-Folly (2.5.3):
    - boost-for-react-native
    - Flipper-DoubleConversion
    - Flipper-Glog
    - libevent (~> 2.1.12)
    - OpenSSL-Universal (= 1.1.180)
  - Flipper-Glog (0.3.6)
  - Flipper-PeerTalk (0.0.4)
  - Flipper-RSocket (1.3.1):
    - Flipper-Folly (~> 2.5)
  - FlipperKit (0.75.1):
    - FlipperKit/Core (= 0.75.1)
  - FlipperKit/Core (0.75.1):
    - Flipper (~> 0.75.1)
    - FlipperKit/CppBridge
    - FlipperKit/FBCxxFollyDynamicConvert
    - FlipperKit/FBDefines
    - FlipperKit/FKPortForwarding
  - FlipperKit/CppBridge (0.75.1):
    - Flipper (~> 0.75.1)
  - FlipperKit/FBCxxFollyDynamicConvert (0.75.1):
    - Flipper-Folly (~> 2.5)
  - FlipperKit/FBDefines (0.75.1)
  - FlipperKit/FKPortForwarding (0.75.1):
    - CocoaAsyncSocket (~> 7.6)
    - Flipper-PeerTalk (~> 0.0.4)
  - FlipperKit/FlipperKitHighlightOverlay (0.75.1)
  - FlipperKit/FlipperKitLayoutPlugin (0.75.1):
    - FlipperKit/Core
    - FlipperKit/FlipperKitHighlightOverlay
    - FlipperKit/FlipperKitLayoutTextSearchable
    - YogaKit (~> 1.18)
  - FlipperKit/FlipperKitLayoutTextSearchable (0.75.1)
  - FlipperKit/FlipperKitNetworkPlugin (0.75.1):
    - FlipperKit/Core
  - FlipperKit/FlipperKitReactPlugin (0.75.1):
    - FlipperKit/Core
  - FlipperKit/FlipperKitUserDefaultsPlugin (0.75.1):
    - FlipperKit/Core
  - FlipperKit/SKIOSNetworkPlugin (0.75.1):
    - FlipperKit/Core
    - FlipperKit/FlipperKitNetworkPlugin
  - glog (0.3.5)
  - libevent (2.1.12)
  - OpenSSL-Universal (1.1.180)
  - Purchases (3.14.4):
    - PurchasesCoreSwift (= 3.14.4)
  - PurchasesCoreSwift (3.14.4)
  - PurchasesHybridCommon (2.0.2):
    - Purchases (= 3.14.4)
  - RCT-Folly (2020.01.13.00):
    - boost-for-react-native
    - DoubleConversion
    - glog
    - RCT-Folly/Default (= 2020.01.13.00)
  - RCT-Folly/Default (2020.01.13.00):
    - boost-for-react-native
    - DoubleConversion
    - glog
  - RCTRequired (0.64.4)
  - RCTTypeSafety (0.64.4):
    - FBLazyVector (= 0.64.4)
    - RCT-Folly (= 2020.01.13.00)
    - RCTRequired (= 0.64.4)
    - React-Core (= 0.64.4)
  - React (0.64.4):
    - React-Core (= 0.64.4)
    - React-Core/DevSupport (= 0.64.4)
    - React-Core/RCTWebSocket (= 0.64.4)
    - React-RCTActionSheet (= 0.64.4)
    - React-RCTAnimation (= 0.64.4)
    - React-RCTBlob (= 0.64.4)
    - React-RCTImage (= 0.64.4)
    - React-RCTLinking (= 0.64.4)
    - React-RCTNetwork (= 0.64.4)
    - React-RCTSettings (= 0.64.4)
    - React-RCTText (= 0.64.4)
    - React-RCTVibration (= 0.64.4)
  - React-callinvoker (0.64.4)
  - React-Core (0.64.4):
    - glog
    - RCT-Folly (= 2020.01.13.00)
    - React-Core/Default (= 0.64.4)
    - React-cxxreact (= 0.64.4)
    - React-jsi (= 0.64.4)
    - React-jsiexecutor (= 0.64.4)
    - React-perflogger (= 0.64.4)
    - Yoga
  - React-Core/CoreModulesHeaders (0.64.4):
    - glog
    - RCT-Folly (= 2020.01.13.00)
    - React-Core/Default
    - React-cxxreact (= 0.64.4)
    - React-jsi (= 0.64.4)
    - React-jsiexecutor (= 0.64.4)
    - React-perflogger (= 0.64.4)
    - Yoga
  - React-Core/Default (0.64.4):
    - glog
    - RCT-Folly (= 2020.01.13.00)
    - React-cxxreact (= 0.64.4)
    - React-jsi (= 0.64.4)
    - React-jsiexecutor (= 0.64.4)
    - React-perflogger (= 0.64.4)
    - Yoga
  - React-Core/DevSupport (0.64.4):
    - glog
    - RCT-Folly (= 2020.01.13.00)
    - React-Core/Default (= 0.64.4)
    - React-Core/RCTWebSocket (= 0.64.4)
    - React-cxxreact (= 0.64.4)
    - React-jsi (= 0.64.4)
    - React-jsiexecutor (= 0.64.4)
    - React-jsinspector (= 0.64.4)
    - React-perflogger (= 0.64.4)
    - Yoga
  - React-Core/RCTActionSheetHeaders (0.64.4):
    - glog
    - RCT-Folly (= 2020.01.13.00)
    - React-Core/Default
    - React-cxxreact (= 0.64.4)
    - React-jsi (= 0.64.4)
    - React-jsiexecutor (= 0.64.4)
    - React-perflogger (= 0.64.4)
    - Yoga
  - React-Core/RCTAnimationHeaders (0.64.4):
    - glog
    - RCT-Folly (= 2020.01.13.00)
    - React-Core/Default
    - React-cxxreact (= 0.64.4)
    - React-jsi (= 0.64.4)
    - React-jsiexecutor (= 0.64.4)
    - React-perflogger (= 0.64.4)
    - Yoga
  - React-Core/RCTBlobHeaders (0.64.4):
    - glog
    - RCT-Folly (= 2020.01.13.00)
    - React-Core/Default
    - React-cxxreact (= 0.64.4)
    - React-jsi (= 0.64.4)
    - React-jsiexecutor (= 0.64.4)
    - React-perflogger (= 0.64.4)
    - Yoga
  - React-Core/RCTImageHeaders (0.64.4):
    - glog
    - RCT-Folly (= 2020.01.13.00)
    - React-Core/Default
    - React-cxxreact (= 0.64.4)
    - React-jsi (= 0.64.4)
    - React-jsiexecutor (= 0.64.4)
    - React-perflogger (= 0.64.4)
    - Yoga
  - React-Core/RCTLinkingHeaders (0.64.4):
    - glog
    - RCT-Folly (= 2020.01.13.00)
    - React-Core/Default
    - React-cxxreact (= 0.64.4)
    - React-jsi (= 0.64.4)
    - React-jsiexecutor (= 0.64.4)
    - React-perflogger (= 0.64.4)
    - Yoga
  - React-Core/RCTNetworkHeaders (0.64.4):
    - glog
    - RCT-Folly (= 2020.01.13.00)
    - React-Core/Default
    - React-cxxreact (= 0.64.4)
    - React-jsi (= 0.64.4)
    - React-jsiexecutor (= 0.64.4)
    - React-perflogger (= 0.64.4)
    - Yoga
  - React-Core/RCTSettingsHeaders (0.64.4):
    - glog
    - RCT-Folly (= 2020.01.13.00)
    - React-Core/Default
    - React-cxxreact (= 0.64.4)
    - React-jsi (= 0.64.4)
    - React-jsiexecutor (= 0.64.4)
    - React-perflogger (= 0.64.4)
    - Yoga
  - React-Core/RCTTextHeaders (0.64.4):
    - glog
    - RCT-Folly (= 2020.01.13.00)
    - React-Core/Default
    - React-cxxreact (= 0.64.4)
    - React-jsi (= 0.64.4)
    - React-jsiexecutor (= 0.64.4)
    - React-perflogger (= 0.64.4)
    - Yoga
  - React-Core/RCTVibrationHeaders (0.64.4):
    - glog
    - RCT-Folly (= 2020.01.13.00)
    - React-Core/Default
    - React-cxxreact (= 0.64.4)
    - React-jsi (= 0.64.4)
    - React-jsiexecutor (= 0.64.4)
    - React-perflogger (= 0.64.4)
    - Yoga
  - React-Core/RCTWebSocket (0.64.4):
    - glog
    - RCT-Folly (= 2020.01.13.00)
    - React-Core/Default (= 0.64.4)
    - React-cxxreact (= 0.64.4)
    - React-jsi (= 0.64.4)
    - React-jsiexecutor (= 0.64.4)
    - React-perflogger (= 0.64.4)
    - Yoga
  - React-CoreModules (0.64.4):
    - FBReactNativeSpec (= 0.64.4)
    - RCT-Folly (= 2020.01.13.00)
    - RCTTypeSafety (= 0.64.4)
    - React-Core/CoreModulesHeaders (= 0.64.4)
    - React-jsi (= 0.64.4)
    - React-RCTImage (= 0.64.4)
    - ReactCommon/turbomodule/core (= 0.64.4)
  - React-cxxreact (0.64.4):
    - boost-for-react-native (= 1.63.0)
    - DoubleConversion
    - glog
    - RCT-Folly (= 2020.01.13.00)
    - React-callinvoker (= 0.64.4)
    - React-jsi (= 0.64.4)
    - React-jsinspector (= 0.64.4)
    - React-perflogger (= 0.64.4)
    - React-runtimeexecutor (= 0.64.4)
  - React-jsi (0.64.4):
    - boost-for-react-native (= 1.63.0)
    - DoubleConversion
    - glog
    - RCT-Folly (= 2020.01.13.00)
    - React-jsi/Default (= 0.64.4)
  - React-jsi/Default (0.64.4):
    - boost-for-react-native (= 1.63.0)
    - DoubleConversion
    - glog
    - RCT-Folly (= 2020.01.13.00)
  - React-jsiexecutor (0.64.4):
    - DoubleConversion
    - glog
    - RCT-Folly (= 2020.01.13.00)
    - React-cxxreact (= 0.64.4)
    - React-jsi (= 0.64.4)
    - React-perflogger (= 0.64.4)
  - React-jsinspector (0.64.4)
  - React-perflogger (0.64.4)
  - React-RCTActionSheet (0.64.4):
    - React-Core/RCTActionSheetHeaders (= 0.64.4)
  - React-RCTAnimation (0.64.4):
    - FBReactNativeSpec (= 0.64.4)
    - RCT-Folly (= 2020.01.13.00)
    - RCTTypeSafety (= 0.64.4)
    - React-Core/RCTAnimationHeaders (= 0.64.4)
    - React-jsi (= 0.64.4)
    - ReactCommon/turbomodule/core (= 0.64.4)
  - React-RCTBlob (0.64.4):
    - FBReactNativeSpec (= 0.64.4)
    - RCT-Folly (= 2020.01.13.00)
    - React-Core/RCTBlobHeaders (= 0.64.4)
    - React-Core/RCTWebSocket (= 0.64.4)
    - React-jsi (= 0.64.4)
    - React-RCTNetwork (= 0.64.4)
    - ReactCommon/turbomodule/core (= 0.64.4)
  - React-RCTImage (0.64.4):
    - FBReactNativeSpec (= 0.64.4)
    - RCT-Folly (= 2020.01.13.00)
    - RCTTypeSafety (= 0.64.4)
    - React-Core/RCTImageHeaders (= 0.64.4)
    - React-jsi (= 0.64.4)
    - React-RCTNetwork (= 0.64.4)
    - ReactCommon/turbomodule/core (= 0.64.4)
  - React-RCTLinking (0.64.4):
    - FBReactNativeSpec (= 0.64.4)
    - React-Core/RCTLinkingHeaders (= 0.64.4)
    - React-jsi (= 0.64.4)
    - ReactCommon/turbomodule/core (= 0.64.4)
  - React-RCTNetwork (0.64.4):
    - FBReactNativeSpec (= 0.64.4)
    - RCT-Folly (= 2020.01.13.00)
    - RCTTypeSafety (= 0.64.4)
    - React-Core/RCTNetworkHeaders (= 0.64.4)
    - React-jsi (= 0.64.4)
    - ReactCommon/turbomodule/core (= 0.64.4)
  - React-RCTSettings (0.64.4):
    - FBReactNativeSpec (= 0.64.4)
    - RCT-Folly (= 2020.01.13.00)
    - RCTTypeSafety (= 0.64.4)
    - React-Core/RCTSettingsHeaders (= 0.64.4)
    - React-jsi (= 0.64.4)
    - ReactCommon/turbomodule/core (= 0.64.4)
  - React-RCTText (0.64.4):
    - React-Core/RCTTextHeaders (= 0.64.4)
  - React-RCTVibration (0.64.4):
    - FBReactNativeSpec (= 0.64.4)
    - RCT-Folly (= 2020.01.13.00)
    - React-Core/RCTVibrationHeaders (= 0.64.4)
    - React-jsi (= 0.64.4)
    - ReactCommon/turbomodule/core (= 0.64.4)
  - React-runtimeexecutor (0.64.4):
    - React-jsi (= 0.64.4)
  - ReactCommon/turbomodule/core (0.64.4):
    - DoubleConversion
    - glog
    - RCT-Folly (= 2020.01.13.00)
    - React-callinvoker (= 0.64.4)
    - React-Core (= 0.64.4)
    - React-cxxreact (= 0.64.4)
    - React-jsi (= 0.64.4)
    - React-perflogger (= 0.64.4)
  - RNGestureHandler (1.10.3):
    - React-Core
  - RNPurchases (4.6.3):
    - PurchasesHybridCommon (= 2.0.2)
    - React-Core
  - RNScreens (2.18.1):
    - React-Core
  - Yoga (1.14.0)
  - YogaKit (1.18.1):
    - Yoga (~> 1.14)

DEPENDENCIES:
  - DoubleConversion (from `../node_modules/react-native/third-party-podspecs/DoubleConversion.podspec`)
  - FBLazyVector (from `../node_modules/react-native/Libraries/FBLazyVector`)
  - FBReactNativeSpec (from `../node_modules/react-native/React/FBReactNativeSpec`)
  - Flipper (= 0.75.1)
  - Flipper-DoubleConversion (= 1.1.7)
  - Flipper-Folly (= 2.5.3)
  - Flipper-Glog (= 0.3.6)
  - Flipper-PeerTalk (~> 0.0.4)
  - Flipper-RSocket (= 1.3.1)
  - FlipperKit (= 0.75.1)
  - FlipperKit/Core (= 0.75.1)
  - FlipperKit/CppBridge (= 0.75.1)
  - FlipperKit/FBCxxFollyDynamicConvert (= 0.75.1)
  - FlipperKit/FBDefines (= 0.75.1)
  - FlipperKit/FKPortForwarding (= 0.75.1)
  - FlipperKit/FlipperKitHighlightOverlay (= 0.75.1)
  - FlipperKit/FlipperKitLayoutPlugin (= 0.75.1)
  - FlipperKit/FlipperKitLayoutTextSearchable (= 0.75.1)
  - FlipperKit/FlipperKitNetworkPlugin (= 0.75.1)
  - FlipperKit/FlipperKitReactPlugin (= 0.75.1)
  - FlipperKit/FlipperKitUserDefaultsPlugin (= 0.75.1)
  - FlipperKit/SKIOSNetworkPlugin (= 0.75.1)
  - glog (from `../node_modules/react-native/third-party-podspecs/glog.podspec`)
  - RCT-Folly (from `../node_modules/react-native/third-party-podspecs/RCT-Folly.podspec`)
  - RCTRequired (from `../node_modules/react-native/Libraries/RCTRequired`)
  - RCTTypeSafety (from `../node_modules/react-native/Libraries/TypeSafety`)
  - React (from `../node_modules/react-native/`)
  - React-callinvoker (from `../node_modules/react-native/ReactCommon/callinvoker`)
  - React-Core (from `../node_modules/react-native/`)
  - React-Core/DevSupport (from `../node_modules/react-native/`)
  - React-Core/RCTWebSocket (from `../node_modules/react-native/`)
  - React-CoreModules (from `../node_modules/react-native/React/CoreModules`)
  - React-cxxreact (from `../node_modules/react-native/ReactCommon/cxxreact`)
  - React-jsi (from `../node_modules/react-native/ReactCommon/jsi`)
  - React-jsiexecutor (from `../node_modules/react-native/ReactCommon/jsiexecutor`)
  - React-jsinspector (from `../node_modules/react-native/ReactCommon/jsinspector`)
  - React-perflogger (from `../node_modules/react-native/ReactCommon/reactperflogger`)
  - React-RCTActionSheet (from `../node_modules/react-native/Libraries/ActionSheetIOS`)
  - React-RCTAnimation (from `../node_modules/react-native/Libraries/NativeAnimation`)
  - React-RCTBlob (from `../node_modules/react-native/Libraries/Blob`)
  - React-RCTImage (from `../node_modules/react-native/Libraries/Image`)
  - React-RCTLinking (from `../node_modules/react-native/Libraries/LinkingIOS`)
  - React-RCTNetwork (from `../node_modules/react-native/Libraries/Network`)
  - React-RCTSettings (from `../node_modules/react-native/Libraries/Settings`)
  - React-RCTText (from `../node_modules/react-native/Libraries/Text`)
  - React-RCTVibration (from `../node_modules/react-native/Libraries/Vibration`)
  - React-runtimeexecutor (from `../node_modules/react-native/ReactCommon/runtimeexecutor`)
  - ReactCommon/turbomodule/core (from `../node_modules/react-native/ReactCommon`)
  - RNGestureHandler (from `../node_modules/react-native-gesture-handler`)
  - RNPurchases (from `../../../`)
  - RNScreens (from `../node_modules/react-native-screens`)
  - Yoga (from `../node_modules/react-native/ReactCommon/yoga`)

SPEC REPOS:
  trunk:
    - boost-for-react-native
    - CocoaAsyncSocket
    - Flipper
    - Flipper-DoubleConversion
    - Flipper-Folly
    - Flipper-Glog
    - Flipper-PeerTalk
    - Flipper-RSocket
    - FlipperKit
    - libevent
    - OpenSSL-Universal
    - Purchases
    - PurchasesCoreSwift
    - PurchasesHybridCommon
    - YogaKit

EXTERNAL SOURCES:
  DoubleConversion:
    :podspec: "../node_modules/react-native/third-party-podspecs/DoubleConversion.podspec"
  FBLazyVector:
    :path: "../node_modules/react-native/Libraries/FBLazyVector"
  FBReactNativeSpec:
    :path: "../node_modules/react-native/React/FBReactNativeSpec"
  glog:
    :podspec: "../node_modules/react-native/third-party-podspecs/glog.podspec"
  RCT-Folly:
    :podspec: "../node_modules/react-native/third-party-podspecs/RCT-Folly.podspec"
  RCTRequired:
    :path: "../node_modules/react-native/Libraries/RCTRequired"
  RCTTypeSafety:
    :path: "../node_modules/react-native/Libraries/TypeSafety"
  React:
    :path: "../node_modules/react-native/"
  React-callinvoker:
    :path: "../node_modules/react-native/ReactCommon/callinvoker"
  React-Core:
    :path: "../node_modules/react-native/"
  React-CoreModules:
    :path: "../node_modules/react-native/React/CoreModules"
  React-cxxreact:
    :path: "../node_modules/react-native/ReactCommon/cxxreact"
  React-jsi:
    :path: "../node_modules/react-native/ReactCommon/jsi"
  React-jsiexecutor:
    :path: "../node_modules/react-native/ReactCommon/jsiexecutor"
  React-jsinspector:
    :path: "../node_modules/react-native/ReactCommon/jsinspector"
  React-perflogger:
    :path: "../node_modules/react-native/ReactCommon/reactperflogger"
  React-RCTActionSheet:
    :path: "../node_modules/react-native/Libraries/ActionSheetIOS"
  React-RCTAnimation:
    :path: "../node_modules/react-native/Libraries/NativeAnimation"
  React-RCTBlob:
    :path: "../node_modules/react-native/Libraries/Blob"
  React-RCTImage:
    :path: "../node_modules/react-native/Libraries/Image"
  React-RCTLinking:
    :path: "../node_modules/react-native/Libraries/LinkingIOS"
  React-RCTNetwork:
    :path: "../node_modules/react-native/Libraries/Network"
  React-RCTSettings:
    :path: "../node_modules/react-native/Libraries/Settings"
  React-RCTText:
    :path: "../node_modules/react-native/Libraries/Text"
  React-RCTVibration:
    :path: "../node_modules/react-native/Libraries/Vibration"
  React-runtimeexecutor:
    :path: "../node_modules/react-native/ReactCommon/runtimeexecutor"
  ReactCommon:
    :path: "../node_modules/react-native/ReactCommon"
  RNGestureHandler:
    :path: "../node_modules/react-native-gesture-handler"
  RNPurchases:
    :path: "../../../"
  RNScreens:
    :path: "../node_modules/react-native-screens"
  Yoga:
    :path: "../node_modules/react-native/ReactCommon/yoga"

SPEC CHECKSUMS:
  boost-for-react-native: 39c7adb57c4e60d6c5479dd8623128eb5b3f0f2c
  CocoaAsyncSocket: 065fd1e645c7abab64f7a6a2007a48038fdc6a99
  DoubleConversion: cf9b38bf0b2d048436d9a82ad2abe1404f11e7de
  FBLazyVector: fa8275d5086566e22a26ddc385ab5772e7f9b1bd
  FBReactNativeSpec: b75d58bfc15fb0e47a9af422076e3d936b0dbf83
  Flipper: d3da1aa199aad94455ae725e9f3aa43f3ec17021
  Flipper-DoubleConversion: 38631e41ef4f9b12861c67d17cb5518d06badc41
  Flipper-Folly: 755929a4f851b2fb2c347d533a23f191b008554c
  Flipper-Glog: 1dfd6abf1e922806c52ceb8701a3599a79a200a6
  Flipper-PeerTalk: 116d8f857dc6ef55c7a5a75ea3ceaafe878aadc9
  Flipper-RSocket: 127954abe8b162fcaf68d2134d34dc2bd7076154
  FlipperKit: 8a20b5c5fcf9436cac58551dc049867247f64b00
  glog: 73c2498ac6884b13ede40eda8228cb1eee9d9d62
  libevent: 4049cae6c81cdb3654a443be001fb9bdceff7913
  OpenSSL-Universal: 1aa4f6a6ee7256b83db99ec1ccdaa80d10f9af9b
  Purchases: 2c326c3a0a93445db8fe194d4938fc001e2cec1c
  PurchasesCoreSwift: 00f41d415f3fb701a5c4bc9909bcbbcf1b1c4b05
  PurchasesHybridCommon: dc003a04a86cb5fb378f9bd138ad70bd7ccfc124
  RCT-Folly: ec7a233ccc97cc556cf7237f0db1ff65b986f27c
  RCTRequired: f85fa00af016059cf88b90b8f8ff9a6af9e4b6c3
  RCTTypeSafety: 5279aaf0fb1ad715cbbbbee32d5c98c72598bc9c
  React: ff4e89fbcb05461c9533fd4da3c0f44cda6ab618
  React-callinvoker: 4670ac7842699e4a39b19a08b4ede02573c1e5dd
  React-Core: ee61e8a8aea912e1504ebec230b3e07d96cf82e1
  React-CoreModules: 8544ba0d319003b33707cdeed66e3122685d31a0
  React-cxxreact: 668500d4ce359515bbf8f907bca0e66fd357d36f
  React-jsi: 64f80675a66899bf0f4a58b8e3908966fa516234
  React-jsiexecutor: 8c077bef1c64430b6034f27df1000d194551e2eb
  React-jsinspector: d4f6973dd474357dbaaf6f52f31ffc713bf3e766
  React-perflogger: 5a890ca0911669421b7611661e9b58f91c805f5c
  React-RCTActionSheet: bd180e0879f8424a73650c5c28fbef4f3b5b27fb
  React-RCTAnimation: 1004d2b4be1f2cedfdc4cb2326adc95b989e6c6b
  React-RCTBlob: 55a984137d10e4c41071e8d39374336b48656e54
  React-RCTImage: fa346c899c2f7301eddc79860c37f836db185eb2
  React-RCTLinking: 7af1444a261610ff29a1afeab8c1cfcb5c3280a9
  React-RCTNetwork: fdaad596311091a2c48e0327b8431ba3e011a684
  React-RCTSettings: a7879d48e2951d107763f53e1db80be29f462ab7
  React-RCTText: d7e66b2600487f631531f77bb9d336e33c1187d9
  React-RCTVibration: 761849eea2a1abc99d5e4171bae17ab3da3143ac
  React-runtimeexecutor: 5b441857030bb6c3abaa7517f333cb01875ae499
  ReactCommon: b4a65d2d6e9eeffd4b32dde1245962b3f43907d0
  RNGestureHandler: a479ebd5ed4221a810967000735517df0d2db211
  RNPurchases: fedb4444da946298ac4eb67a61621ddb7cbb1e98
  RNScreens: f7ad633b2e0190b77b6a7aab7f914fad6f198d8d
  Yoga: d1fc3575b8b68891ff5ef3c276daa855e841eb32
  YogaKit: f782866e155069a2cca2517aafea43200b01fd5a

PODFILE CHECKSUM: ef0169631a326f7a668fc6ea8da5bdfe60d83f4c

COCOAPODS: 1.13.0
