PODS:
  - boost (1.83.0)
  - DoubleConversion (1.1.6)
  - FBLazyVector (0.73.5)
  - FBReactNativeSpec (0.73.5):
    - RCT-Folly (= 2022.05.16.00)
    - RCTRequired (= 0.73.5)
    - RCTTypeSafety (= 0.73.5)
    - React-Core (= 0.73.5)
    - React-jsi (= 0.73.5)
    - ReactCommon/turbomodule/core (= 0.73.5)
  - fmt (6.2.1)
  - glog (0.3.5)
  - hermes-engine (0.73.5):
    - hermes-engine/Pre-built (= 0.73.5)
  - hermes-engine/Pre-built (0.73.5)
  - libevent (2.1.12)
  - OpenSSL-Universal (1.1.1100)
  - PurchasesHybridCommon (10.0.0-beta.1):
    - RevenueCat (= 5.0.0-beta.3)
  - PurchasesHybridCommonUI (10.0.0-beta.1):
    - PurchasesHybridCommon (= 10.0.0-beta.1)
    - RevenueCatUI (= 5.0.0-beta.3)
  - RCT-Folly (2021.07.22.00):
    - boost
    - DoubleConversion
    - fmt (~> 6.2.1)
    - glog
    - RCT-Folly/Default (= 2022.05.16.00)
  - RCT-Folly/Default (2022.05.16.00):
    - boost
    - DoubleConversion
    - fmt (~> 6.2.1)
    - glog
  - RCT-Folly/Fabric (2022.05.16.00):
    - boost
    - DoubleConversion
    - fmt (~> 6.2.1)
    - glog
  - RCT-Folly/Futures (2022.05.16.00):
    - boost
    - DoubleConversion
    - fmt (~> 6.2.1)
    - glog
    - libevent
  - RCTRequired (0.73.5)
  - RCTTypeSafety (0.73.5):
    - FBLazyVector (= 0.73.5)
    - RCTRequired (= 0.73.5)
    - React-Core (= 0.73.5)
  - React (0.73.5):
    - React-Core (= 0.73.5)
    - React-Core/DevSupport (= 0.73.5)
    - React-Core/RCTWebSocket (= 0.73.5)
    - React-RCTActionSheet (= 0.73.5)
    - React-RCTAnimation (= 0.73.5)
    - React-RCTBlob (= 0.73.5)
    - React-RCTImage (= 0.73.5)
    - React-RCTLinking (= 0.73.5)
    - React-RCTNetwork (= 0.73.5)
    - React-RCTSettings (= 0.73.5)
    - React-RCTText (= 0.73.5)
    - React-RCTVibration (= 0.73.5)
  - React-callinvoker (0.73.5)
  - React-Codegen (0.73.5):
    - DoubleConversion
    - FBReactNativeSpec
    - glog
    - hermes-engine
    - RCT-Folly
    - RCTRequired
    - RCTTypeSafety
    - React-Core
    - React-jsi
    - React-jsiexecutor
    - React-NativeModulesApple
    - React-rncore
    - ReactCommon/turbomodule/bridging
    - ReactCommon/turbomodule/core
  - React-Core (0.73.5):
    - glog
    - hermes-engine
    - RCT-Folly (= 2022.05.16.00)
    - React-Core/Default (= 0.73.5)
    - React-cxxreact
    - React-hermes
    - React-jsi
    - React-jsiexecutor
    - React-perflogger
    - React-runtimescheduler
    - React-utils
    - SocketRocket (= 0.6.1)
    - Yoga
  - React-Core/CoreModulesHeaders (0.73.5):
    - glog
    - hermes-engine
    - RCT-Folly (= 2022.05.16.00)
    - React-Core/Default
    - React-cxxreact
    - React-hermes
    - React-jsi
    - React-jsiexecutor
    - React-perflogger
    - React-runtimescheduler
    - React-utils
    - SocketRocket (= 0.6.1)
    - Yoga
  - React-Core/Default (0.73.5):
    - glog
    - hermes-engine
    - RCT-Folly (= 2022.05.16.00)
    - React-cxxreact
    - React-hermes
    - React-jsi
    - React-jsiexecutor
    - React-perflogger
    - React-runtimescheduler
    - React-utils
    - SocketRocket (= 0.6.1)
    - Yoga
  - React-Core/DevSupport (0.73.5):
    - glog
    - hermes-engine
    - RCT-Folly (= 2022.05.16.00)
    - React-Core/Default (= 0.73.5)
    - React-Core/RCTWebSocket (= 0.73.5)
    - React-cxxreact
    - React-hermes
    - React-jsi
    - React-jsiexecutor
    - React-jsinspector (= 0.73.5)
    - React-perflogger
    - React-runtimescheduler
    - React-utils
    - SocketRocket (= 0.6.1)
    - Yoga
  - React-Core/RCTActionSheetHeaders (0.73.5):
    - glog
    - hermes-engine
    - RCT-Folly (= 2022.05.16.00)
    - React-Core/Default
    - React-cxxreact
    - React-hermes
    - React-jsi
    - React-jsiexecutor
    - React-perflogger
    - React-runtimescheduler
    - React-utils
    - SocketRocket (= 0.6.1)
    - Yoga
  - React-Core/RCTAnimationHeaders (0.73.5):
    - glog
    - hermes-engine
    - RCT-Folly (= 2022.05.16.00)
    - React-Core/Default
    - React-cxxreact
    - React-hermes
    - React-jsi
    - React-jsiexecutor
    - React-perflogger
    - React-runtimescheduler
    - React-utils
    - SocketRocket (= 0.6.1)
    - Yoga
  - React-Core/RCTBlobHeaders (0.73.5):
    - glog
    - hermes-engine
    - RCT-Folly (= 2022.05.16.00)
    - React-Core/Default
    - React-cxxreact
    - React-hermes
    - React-jsi
    - React-jsiexecutor
    - React-perflogger
    - React-runtimescheduler
    - React-utils
    - SocketRocket (= 0.6.1)
    - Yoga
  - React-Core/RCTImageHeaders (0.73.5):
    - glog
    - hermes-engine
    - RCT-Folly (= 2022.05.16.00)
    - React-Core/Default
    - React-cxxreact
    - React-hermes
    - React-jsi
    - React-jsiexecutor
    - React-perflogger
    - React-runtimescheduler
    - React-utils
    - SocketRocket (= 0.6.1)
    - Yoga
  - React-Core/RCTLinkingHeaders (0.73.5):
    - glog
    - hermes-engine
    - RCT-Folly (= 2022.05.16.00)
    - React-Core/Default
    - React-cxxreact
    - React-hermes
    - React-jsi
    - React-jsiexecutor
    - React-perflogger
    - React-runtimescheduler
    - React-utils
    - SocketRocket (= 0.6.1)
    - Yoga
  - React-Core/RCTNetworkHeaders (0.73.5):
    - glog
    - hermes-engine
    - RCT-Folly (= 2022.05.16.00)
    - React-Core/Default
    - React-cxxreact
    - React-hermes
    - React-jsi
    - React-jsiexecutor
    - React-perflogger
    - React-runtimescheduler
    - React-utils
    - SocketRocket (= 0.6.1)
    - Yoga
  - React-Core/RCTSettingsHeaders (0.73.5):
    - glog
    - hermes-engine
    - RCT-Folly (= 2022.05.16.00)
    - React-Core/Default
    - React-cxxreact
    - React-hermes
    - React-jsi
    - React-jsiexecutor
    - React-perflogger
    - React-runtimescheduler
    - React-utils
    - SocketRocket (= 0.6.1)
    - Yoga
  - React-Core/RCTTextHeaders (0.73.5):
    - glog
    - hermes-engine
    - RCT-Folly (= 2022.05.16.00)
    - React-Core/Default
    - React-cxxreact
    - React-hermes
    - React-jsi
    - React-jsiexecutor
    - React-perflogger
    - React-runtimescheduler
    - React-utils
    - SocketRocket (= 0.6.1)
    - Yoga
  - React-Core/RCTVibrationHeaders (0.73.5):
    - glog
    - hermes-engine
    - RCT-Folly (= 2022.05.16.00)
    - React-Core/Default
    - React-cxxreact
    - React-hermes
    - React-jsi
    - React-jsiexecutor
    - React-perflogger
    - React-runtimescheduler
    - React-utils
    - SocketRocket (= 0.6.1)
    - Yoga
  - React-Core/RCTWebSocket (0.73.5):
    - glog
    - hermes-engine
    - RCT-Folly (= 2022.05.16.00)
    - React-Core/Default (= 0.73.5)
    - React-cxxreact
    - React-hermes
    - React-jsi
    - React-jsiexecutor
    - React-perflogger
    - React-runtimescheduler
    - React-utils
    - SocketRocket (= 0.6.1)
    - Yoga
  - React-CoreModules (0.73.5):
    - RCT-Folly (= 2022.05.16.00)
    - RCTTypeSafety (= 0.73.5)
    - React-Codegen
    - React-Core/CoreModulesHeaders (= 0.73.5)
    - React-jsi (= 0.73.5)
    - React-NativeModulesApple
    - React-RCTBlob
    - React-RCTImage (= 0.73.5)
    - ReactCommon
    - SocketRocket (= 0.6.1)
  - React-cxxreact (0.73.5):
    - boost (= 1.83.0)
    - DoubleConversion
    - fmt (~> 6.2.1)
    - glog
    - hermes-engine
    - RCT-Folly (= 2022.05.16.00)
    - React-callinvoker (= 0.73.5)
    - React-debug (= 0.73.5)
    - React-jsi (= 0.73.5)
    - React-jsinspector (= 0.73.5)
    - React-logger (= 0.73.5)
    - React-perflogger (= 0.73.5)
    - React-runtimeexecutor (= 0.73.5)
  - React-debug (0.73.5)
  - React-Fabric (0.73.5):
    - DoubleConversion
    - fmt (~> 6.2.1)
    - glog
    - hermes-engine
    - RCT-Folly/Fabric (= 2022.05.16.00)
    - RCTRequired
    - RCTTypeSafety
    - React-Core
    - React-cxxreact
    - React-debug
    - React-Fabric/animations (= 0.73.5)
    - React-Fabric/attributedstring (= 0.73.5)
    - React-Fabric/componentregistry (= 0.73.5)
    - React-Fabric/componentregistrynative (= 0.73.5)
    - React-Fabric/components (= 0.73.5)
    - React-Fabric/core (= 0.73.5)
    - React-Fabric/imagemanager (= 0.73.5)
    - React-Fabric/leakchecker (= 0.73.5)
    - React-Fabric/mounting (= 0.73.5)
    - React-Fabric/scheduler (= 0.73.5)
    - React-Fabric/telemetry (= 0.73.5)
    - React-Fabric/templateprocessor (= 0.73.5)
    - React-Fabric/textlayoutmanager (= 0.73.5)
    - React-Fabric/uimanager (= 0.73.5)
    - React-graphics
    - React-jsi
    - React-jsiexecutor
    - React-logger
    - React-rendererdebug
    - React-runtimescheduler
    - React-utils
    - ReactCommon/turbomodule/core
  - React-Fabric/animations (0.73.5):
    - DoubleConversion
    - fmt (~> 6.2.1)
    - glog
    - hermes-engine
    - RCT-Folly/Fabric (= 2022.05.16.00)
    - RCTRequired
    - RCTTypeSafety
    - React-Core
    - React-cxxreact
    - React-debug
    - React-graphics
    - React-jsi
    - React-jsiexecutor
    - React-logger
    - React-rendererdebug
    - React-runtimescheduler
    - React-utils
    - ReactCommon/turbomodule/core
  - React-Fabric/attributedstring (0.73.5):
    - DoubleConversion
    - fmt (~> 6.2.1)
    - glog
    - hermes-engine
    - RCT-Folly/Fabric (= 2022.05.16.00)
    - RCTRequired
    - RCTTypeSafety
    - React-Core
    - React-cxxreact
    - React-debug
    - React-graphics
    - React-jsi
    - React-jsiexecutor
    - React-logger
    - React-rendererdebug
    - React-runtimescheduler
    - React-utils
    - ReactCommon/turbomodule/core
  - React-Fabric/componentregistry (0.73.5):
    - DoubleConversion
    - fmt (~> 6.2.1)
    - glog
    - hermes-engine
    - RCT-Folly/Fabric (= 2022.05.16.00)
    - RCTRequired
    - RCTTypeSafety
    - React-Core
    - React-cxxreact
    - React-debug
    - React-graphics
    - React-jsi
    - React-jsiexecutor
    - React-logger
    - React-rendererdebug
    - React-runtimescheduler
    - React-utils
    - ReactCommon/turbomodule/core
  - React-Fabric/componentregistrynative (0.73.5):
    - DoubleConversion
    - fmt (~> 6.2.1)
    - glog
    - hermes-engine
    - RCT-Folly/Fabric (= 2022.05.16.00)
    - RCTRequired
    - RCTTypeSafety
    - React-Core
    - React-cxxreact
    - React-debug
    - React-graphics
    - React-jsi
    - React-jsiexecutor
    - React-logger
    - React-rendererdebug
    - React-runtimescheduler
    - React-utils
    - ReactCommon/turbomodule/core
  - React-Fabric/components (0.73.5):
    - DoubleConversion
    - fmt (~> 6.2.1)
    - glog
    - hermes-engine
    - RCT-Folly/Fabric (= 2022.05.16.00)
    - RCTRequired
    - RCTTypeSafety
    - React-Core
    - React-cxxreact
    - React-debug
    - React-Fabric/components/inputaccessory (= 0.73.5)
    - React-Fabric/components/legacyviewmanagerinterop (= 0.73.5)
    - React-Fabric/components/modal (= 0.73.5)
    - React-Fabric/components/rncore (= 0.73.5)
    - React-Fabric/components/root (= 0.73.5)
    - React-Fabric/components/safeareaview (= 0.73.5)
    - React-Fabric/components/scrollview (= 0.73.5)
    - React-Fabric/components/text (= 0.73.5)
    - React-Fabric/components/textinput (= 0.73.5)
    - React-Fabric/components/unimplementedview (= 0.73.5)
    - React-Fabric/components/view (= 0.73.5)
    - React-graphics
    - React-jsi
    - React-jsiexecutor
    - React-logger
    - React-rendererdebug
    - React-runtimescheduler
    - React-utils
    - ReactCommon/turbomodule/core
  - React-Fabric/components/inputaccessory (0.73.5):
    - DoubleConversion
    - fmt (~> 6.2.1)
    - glog
    - hermes-engine
    - RCT-Folly/Fabric (= 2022.05.16.00)
    - RCTRequired
    - RCTTypeSafety
    - React-Core
    - React-cxxreact
    - React-debug
    - React-graphics
    - React-jsi
    - React-jsiexecutor
    - React-logger
    - React-rendererdebug
    - React-runtimescheduler
    - React-utils
    - ReactCommon/turbomodule/core
  - React-Fabric/components/legacyviewmanagerinterop (0.73.5):
    - DoubleConversion
    - fmt (~> 6.2.1)
    - glog
    - hermes-engine
    - RCT-Folly/Fabric (= 2022.05.16.00)
    - RCTRequired
    - RCTTypeSafety
    - React-Core
    - React-cxxreact
    - React-debug
    - React-graphics
    - React-jsi
    - React-jsiexecutor
    - React-logger
    - React-rendererdebug
    - React-runtimescheduler
    - React-utils
    - ReactCommon/turbomodule/core
  - React-Fabric/components/modal (0.73.5):
    - DoubleConversion
    - fmt (~> 6.2.1)
    - glog
    - hermes-engine
    - RCT-Folly/Fabric (= 2022.05.16.00)
    - RCTRequired
    - RCTTypeSafety
    - React-Core
    - React-cxxreact
    - React-debug
    - React-graphics
    - React-jsi
    - React-jsiexecutor
    - React-logger
    - React-rendererdebug
    - React-runtimescheduler
    - React-utils
    - ReactCommon/turbomodule/core
  - React-Fabric/components/rncore (0.73.5):
    - DoubleConversion
    - fmt (~> 6.2.1)
    - glog
    - hermes-engine
    - RCT-Folly/Fabric (= 2022.05.16.00)
    - RCTRequired
    - RCTTypeSafety
    - React-Core
    - React-cxxreact
    - React-debug
    - React-graphics
    - React-jsi
    - React-jsiexecutor
    - React-logger
    - React-rendererdebug
    - React-runtimescheduler
    - React-utils
    - ReactCommon/turbomodule/core
  - React-Fabric/components/root (0.73.5):
    - DoubleConversion
    - fmt (~> 6.2.1)
    - glog
    - hermes-engine
    - RCT-Folly/Fabric (= 2022.05.16.00)
    - RCTRequired
    - RCTTypeSafety
    - React-Core
    - React-cxxreact
    - React-debug
    - React-graphics
    - React-jsi
    - React-jsiexecutor
    - React-logger
    - React-rendererdebug
    - React-runtimescheduler
    - React-utils
    - ReactCommon/turbomodule/core
  - React-Fabric/components/safeareaview (0.73.5):
    - DoubleConversion
    - fmt (~> 6.2.1)
    - glog
    - hermes-engine
    - RCT-Folly/Fabric (= 2022.05.16.00)
    - RCTRequired
    - RCTTypeSafety
    - React-Core
    - React-cxxreact
    - React-debug
    - React-graphics
    - React-jsi
    - React-jsiexecutor
    - React-logger
    - React-rendererdebug
    - React-runtimescheduler
    - React-utils
    - ReactCommon/turbomodule/core
  - React-Fabric/components/scrollview (0.73.5):
    - DoubleConversion
    - fmt (~> 6.2.1)
    - glog
    - hermes-engine
    - RCT-Folly/Fabric (= 2022.05.16.00)
    - RCTRequired
    - RCTTypeSafety
    - React-Core
    - React-cxxreact
    - React-debug
    - React-graphics
    - React-jsi
    - React-jsiexecutor
    - React-logger
    - React-rendererdebug
    - React-runtimescheduler
    - React-utils
    - ReactCommon/turbomodule/core
  - React-Fabric/components/text (0.73.5):
    - DoubleConversion
    - fmt (~> 6.2.1)
    - glog
    - hermes-engine
    - RCT-Folly/Fabric (= 2022.05.16.00)
    - RCTRequired
    - RCTTypeSafety
    - React-Core
    - React-cxxreact
    - React-debug
    - React-graphics
    - React-jsi
    - React-jsiexecutor
    - React-logger
    - React-rendererdebug
    - React-runtimescheduler
    - React-utils
    - ReactCommon/turbomodule/core
  - React-Fabric/components/textinput (0.73.5):
    - DoubleConversion
    - fmt (~> 6.2.1)
    - glog
    - hermes-engine
    - RCT-Folly/Fabric (= 2022.05.16.00)
    - RCTRequired
    - RCTTypeSafety
    - React-Core
    - React-cxxreact
    - React-debug
    - React-graphics
    - React-jsi
    - React-jsiexecutor
    - React-logger
    - React-rendererdebug
    - React-runtimescheduler
    - React-utils
    - ReactCommon/turbomodule/core
  - React-Fabric/components/unimplementedview (0.73.5):
    - DoubleConversion
    - fmt (~> 6.2.1)
    - glog
    - hermes-engine
    - RCT-Folly/Fabric (= 2022.05.16.00)
    - RCTRequired
    - RCTTypeSafety
    - React-Core
    - React-cxxreact
    - React-debug
    - React-graphics
    - React-jsi
    - React-jsiexecutor
    - React-logger
    - React-rendererdebug
    - React-runtimescheduler
    - React-utils
    - ReactCommon/turbomodule/core
  - React-Fabric/components/view (0.73.5):
    - DoubleConversion
    - fmt (~> 6.2.1)
    - glog
    - hermes-engine
    - RCT-Folly/Fabric (= 2022.05.16.00)
    - RCTRequired
    - RCTTypeSafety
    - React-Core
    - React-cxxreact
    - React-debug
    - React-graphics
    - React-jsi
    - React-jsiexecutor
    - React-logger
    - React-rendererdebug
    - React-runtimescheduler
    - React-utils
    - ReactCommon/turbomodule/core
    - Yoga
  - React-Fabric/core (0.73.5):
    - DoubleConversion
    - fmt (~> 6.2.1)
    - glog
    - hermes-engine
    - RCT-Folly/Fabric (= 2022.05.16.00)
    - RCTRequired
    - RCTTypeSafety
    - React-Core
    - React-cxxreact
    - React-debug
    - React-graphics
    - React-jsi
    - React-jsiexecutor
    - React-logger
    - React-rendererdebug
    - React-runtimescheduler
    - React-utils
    - ReactCommon/turbomodule/core
  - React-Fabric/imagemanager (0.73.5):
    - DoubleConversion
    - fmt (~> 6.2.1)
    - glog
    - hermes-engine
    - RCT-Folly/Fabric (= 2022.05.16.00)
    - RCTRequired
    - RCTTypeSafety
    - React-Core
    - React-cxxreact
    - React-debug
    - React-graphics
    - React-jsi
    - React-jsiexecutor
    - React-logger
    - React-rendererdebug
    - React-runtimescheduler
    - React-utils
    - ReactCommon/turbomodule/core
  - React-Fabric/leakchecker (0.73.5):
    - DoubleConversion
    - fmt (~> 6.2.1)
    - glog
    - hermes-engine
    - RCT-Folly/Fabric (= 2022.05.16.00)
    - RCTRequired
    - RCTTypeSafety
    - React-Core
    - React-cxxreact
    - React-debug
    - React-graphics
    - React-jsi
    - React-jsiexecutor
    - React-logger
    - React-rendererdebug
    - React-runtimescheduler
    - React-utils
    - ReactCommon/turbomodule/core
  - React-Fabric/mounting (0.73.5):
    - DoubleConversion
    - fmt (~> 6.2.1)
    - glog
    - hermes-engine
    - RCT-Folly/Fabric (= 2022.05.16.00)
    - RCTRequired
    - RCTTypeSafety
    - React-Core
    - React-cxxreact
    - React-debug
    - React-graphics
    - React-jsi
    - React-jsiexecutor
    - React-logger
    - React-rendererdebug
    - React-runtimescheduler
    - React-utils
    - ReactCommon/turbomodule/core
  - React-Fabric/scheduler (0.73.5):
    - DoubleConversion
    - fmt (~> 6.2.1)
    - glog
    - hermes-engine
    - RCT-Folly/Fabric (= 2022.05.16.00)
    - RCTRequired
    - RCTTypeSafety
    - React-Core
    - React-cxxreact
    - React-debug
    - React-graphics
    - React-jsi
    - React-jsiexecutor
    - React-logger
    - React-rendererdebug
    - React-runtimescheduler
    - React-utils
    - ReactCommon/turbomodule/core
  - React-Fabric/telemetry (0.73.5):
    - DoubleConversion
    - fmt (~> 6.2.1)
    - glog
    - hermes-engine
    - RCT-Folly/Fabric (= 2022.05.16.00)
    - RCTRequired
    - RCTTypeSafety
    - React-Core
    - React-cxxreact
    - React-debug
    - React-graphics
    - React-jsi
    - React-jsiexecutor
    - React-logger
    - React-rendererdebug
    - React-runtimescheduler
    - React-utils
    - ReactCommon/turbomodule/core
  - React-Fabric/templateprocessor (0.73.5):
    - DoubleConversion
    - fmt (~> 6.2.1)
    - glog
    - hermes-engine
    - RCT-Folly/Fabric (= 2022.05.16.00)
    - RCTRequired
    - RCTTypeSafety
    - React-Core
    - React-cxxreact
    - React-debug
    - React-graphics
    - React-jsi
    - React-jsiexecutor
    - React-logger
    - React-rendererdebug
    - React-runtimescheduler
    - React-utils
    - ReactCommon/turbomodule/core
  - React-Fabric/textlayoutmanager (0.73.5):
    - DoubleConversion
    - fmt (~> 6.2.1)
    - glog
    - hermes-engine
    - RCT-Folly/Fabric (= 2022.05.16.00)
    - RCTRequired
    - RCTTypeSafety
    - React-Core
    - React-cxxreact
    - React-debug
    - React-Fabric/uimanager
    - React-graphics
    - React-jsi
    - React-jsiexecutor
    - React-logger
    - React-rendererdebug
    - React-runtimescheduler
    - React-utils
    - ReactCommon/turbomodule/core
  - React-Fabric/uimanager (0.73.5):
    - DoubleConversion
    - fmt (~> 6.2.1)
    - glog
    - hermes-engine
    - RCT-Folly/Fabric (= 2022.05.16.00)
    - RCTRequired
    - RCTTypeSafety
    - React-Core
    - React-cxxreact
    - React-debug
    - React-graphics
    - React-jsi
    - React-jsiexecutor
    - React-logger
    - React-rendererdebug
    - React-runtimescheduler
    - React-utils
    - ReactCommon/turbomodule/core
  - React-FabricImage (0.73.5):
    - DoubleConversion
    - fmt (~> 6.2.1)
    - glog
    - hermes-engine
    - RCT-Folly/Fabric (= 2022.05.16.00)
    - RCTRequired (= 0.73.5)
    - RCTTypeSafety (= 0.73.5)
    - React-Fabric
    - React-graphics
    - React-ImageManager
    - React-jsi
    - React-jsiexecutor (= 0.73.5)
    - React-logger
    - React-rendererdebug
    - React-utils
    - ReactCommon
    - Yoga
  - React-graphics (0.73.5):
    - glog
    - RCT-Folly/Fabric (= 2022.05.16.00)
    - React-Core/Default (= 0.73.5)
    - React-utils
  - React-hermes (0.73.5):
    - DoubleConversion
    - fmt (~> 6.2.1)
    - glog
    - hermes-engine
    - RCT-Folly (= 2022.05.16.00)
    - RCT-Folly/Futures (= 2022.05.16.00)
    - React-cxxreact (= 0.73.5)
    - React-jsi
    - React-jsiexecutor (= 0.73.5)
    - React-jsinspector (= 0.73.5)
    - React-perflogger (= 0.73.5)
  - React-ImageManager (0.73.5):
    - glog
    - RCT-Folly/Fabric
    - React-Core/Default
    - React-debug
    - React-Fabric
    - React-graphics
    - React-rendererdebug
    - React-utils
  - React-jserrorhandler (0.73.5):
    - RCT-Folly/Fabric (= 2022.05.16.00)
    - React-debug
    - React-jsi
    - React-Mapbuffer
  - React-jsi (0.73.5):
    - boost (= 1.83.0)
    - DoubleConversion
    - fmt (~> 6.2.1)
    - glog
    - hermes-engine
    - RCT-Folly (= 2022.05.16.00)
  - React-jsiexecutor (0.73.5):
    - DoubleConversion
    - fmt (~> 6.2.1)
    - glog
    - hermes-engine
    - RCT-Folly (= 2022.05.16.00)
    - React-cxxreact (= 0.73.5)
    - React-jsi (= 0.73.5)
    - React-perflogger (= 0.73.5)
  - React-jsinspector (0.73.5)
  - React-logger (0.73.5):
    - glog
  - React-Mapbuffer (0.73.5):
    - glog
    - React-debug
  - react-native-safe-area-context (4.9.0):
    - React-Core
  - React-nativeconfig (0.73.5)
  - React-NativeModulesApple (0.73.5):
    - glog
    - hermes-engine
    - React-callinvoker
    - React-Core
    - React-cxxreact
    - React-jsi
    - React-runtimeexecutor
    - ReactCommon/turbomodule/bridging
    - ReactCommon/turbomodule/core
  - React-perflogger (0.73.5)
  - React-RCTActionSheet (0.73.5):
    - React-Core/RCTActionSheetHeaders (= 0.73.5)
  - React-RCTAnimation (0.73.5):
    - RCT-Folly (= 2022.05.16.00)
    - RCTTypeSafety
    - React-Codegen
    - React-Core/RCTAnimationHeaders
    - React-jsi
    - React-NativeModulesApple
    - ReactCommon
  - React-RCTAppDelegate (0.73.5):
    - RCT-Folly
    - RCTRequired
    - RCTTypeSafety
    - React-Core
    - React-CoreModules
    - React-hermes
    - React-nativeconfig
    - React-NativeModulesApple
    - React-RCTFabric
    - React-RCTImage
    - React-RCTNetwork
    - React-runtimescheduler
    - ReactCommon
  - React-RCTBlob (0.73.5):
    - hermes-engine
    - RCT-Folly (= 2022.05.16.00)
    - React-Codegen
    - React-Core/RCTBlobHeaders
    - React-Core/RCTWebSocket
    - React-jsi
    - React-NativeModulesApple
    - React-RCTNetwork
    - ReactCommon
  - React-RCTFabric (0.73.5):
    - glog
    - hermes-engine
    - RCT-Folly (= 2021.07.22.00)
    - React-callinvoker (= 0.71.6)
    - React-Core (= 0.71.6)
    - React-cxxreact (= 0.71.6)
    - React-jsi (= 0.71.6)
    - React-logger (= 0.71.6)
    - React-perflogger (= 0.71.6)
  - ReactCommon/turbomodule/core (0.71.6):
    - DoubleConversion
    - glog
    - hermes-engine
    - RCT-Folly (= 2021.07.22.00)
    - React-callinvoker (= 0.71.6)
    - React-Core (= 0.71.6)
    - React-cxxreact (= 0.71.6)
    - React-jsi (= 0.71.6)
    - React-logger (= 0.71.6)
    - React-perflogger (= 0.71.6)
  - RevenueCat (5.0.0-beta.3)
  - RevenueCatUI (5.0.0-beta.3):
    - RevenueCat (= 5.0.0-beta.3)
  - RNPaywalls (7.21.1):
    - PurchasesHybridCommonUI (= 10.0.0-beta.1)
    - React-Core
  - RNPurchases (7.21.1):
    - PurchasesHybridCommon (= 10.0.0-beta.1)
    - React-Core
  - RNScreens (3.29.0):
    - glog
    - RCT-Folly (= 2022.05.16.00)
    - React-Core
  - SocketRocket (0.6.1)
  - Yoga (1.14.0)

DEPENDENCIES:
  - boost (from `../node_modules/react-native/third-party-podspecs/boost.podspec`)
  - DoubleConversion (from `../node_modules/react-native/third-party-podspecs/DoubleConversion.podspec`)
  - FBLazyVector (from `../node_modules/react-native/Libraries/FBLazyVector`)
  - FBReactNativeSpec (from `../node_modules/react-native/React/FBReactNativeSpec`)
  - glog (from `../node_modules/react-native/third-party-podspecs/glog.podspec`)
  - hermes-engine (from `../node_modules/react-native/sdks/hermes-engine/hermes-engine.podspec`)
  - libevent (~> 2.1.12)
  - RCT-Folly (from `../node_modules/react-native/third-party-podspecs/RCT-Folly.podspec`)
  - RCT-Folly/Fabric (from `../node_modules/react-native/third-party-podspecs/RCT-Folly.podspec`)
  - RCTRequired (from `../node_modules/react-native/Libraries/RCTRequired`)
  - RCTTypeSafety (from `../node_modules/react-native/Libraries/TypeSafety`)
  - React (from `../node_modules/react-native/`)
  - React-callinvoker (from `../node_modules/react-native/ReactCommon/callinvoker`)
  - React-Codegen (from `build/generated/ios`)
  - React-Core (from `../node_modules/react-native/`)
  - React-Core/RCTWebSocket (from `../node_modules/react-native/`)
  - React-CoreModules (from `../node_modules/react-native/React/CoreModules`)
  - React-cxxreact (from `../node_modules/react-native/ReactCommon/cxxreact`)
  - React-debug (from `../node_modules/react-native/ReactCommon/react/debug`)
  - React-Fabric (from `../node_modules/react-native/ReactCommon`)
  - React-FabricImage (from `../node_modules/react-native/ReactCommon`)
  - React-graphics (from `../node_modules/react-native/ReactCommon/react/renderer/graphics`)
  - React-hermes (from `../node_modules/react-native/ReactCommon/hermes`)
  - React-ImageManager (from `../node_modules/react-native/ReactCommon/react/renderer/imagemanager/platform/ios`)
  - React-jserrorhandler (from `../node_modules/react-native/ReactCommon/jserrorhandler`)
  - React-jsi (from `../node_modules/react-native/ReactCommon/jsi`)
  - React-jsiexecutor (from `../node_modules/react-native/ReactCommon/jsiexecutor`)
  - React-jsinspector (from `../node_modules/react-native/ReactCommon/jsinspector-modern`)
  - React-logger (from `../node_modules/react-native/ReactCommon/logger`)
  - React-Mapbuffer (from `../node_modules/react-native/ReactCommon`)
  - react-native-safe-area-context (from `../node_modules/react-native-safe-area-context`)
  - React-nativeconfig (from `../node_modules/react-native/ReactCommon`)
  - React-NativeModulesApple (from `../node_modules/react-native/ReactCommon/react/nativemodule/core/platform/ios`)
  - React-perflogger (from `../node_modules/react-native/ReactCommon/reactperflogger`)
  - React-RCTActionSheet (from `../node_modules/react-native/Libraries/ActionSheetIOS`)
  - React-RCTAnimation (from `../node_modules/react-native/Libraries/NativeAnimation`)
  - React-RCTAppDelegate (from `../node_modules/react-native/Libraries/AppDelegate`)
  - React-RCTBlob (from `../node_modules/react-native/Libraries/Blob`)
  - React-RCTFabric (from `../node_modules/react-native/React`)
  - React-RCTImage (from `../node_modules/react-native/Libraries/Image`)
  - React-RCTLinking (from `../node_modules/react-native/Libraries/LinkingIOS`)
  - React-RCTNetwork (from `../node_modules/react-native/Libraries/Network`)
  - React-RCTSettings (from `../node_modules/react-native/Libraries/Settings`)
  - React-RCTText (from `../node_modules/react-native/Libraries/Text`)
  - React-RCTVibration (from `../node_modules/react-native/Libraries/Vibration`)
  - React-rendererdebug (from `../node_modules/react-native/ReactCommon/react/renderer/debug`)
  - React-rncore (from `../node_modules/react-native/ReactCommon`)
  - React-runtimeexecutor (from `../node_modules/react-native/ReactCommon/runtimeexecutor`)
  - React-runtimescheduler (from `../node_modules/react-native/ReactCommon/react/renderer/runtimescheduler`)
  - React-utils (from `../node_modules/react-native/ReactCommon/react/utils`)
  - ReactCommon/turbomodule/core (from `../node_modules/react-native/ReactCommon`)
  - RNPaywalls (from `../../../react-native-purchases-ui`)
  - RNPurchases (from `../../..`)
  - RNScreens (from `../node_modules/react-native-screens`)
  - Yoga (from `../node_modules/react-native/ReactCommon/yoga`)

SPEC REPOS:
  trunk:
    - fmt
    - libevent
    - PurchasesHybridCommon
    - PurchasesHybridCommonUI
    - RevenueCat
    - RevenueCatUI
    - SocketRocket

EXTERNAL SOURCES:
  boost:
    :podspec: "../node_modules/react-native/third-party-podspecs/boost.podspec"
  DoubleConversion:
    :podspec: "../node_modules/react-native/third-party-podspecs/DoubleConversion.podspec"
  FBLazyVector:
    :path: "../node_modules/react-native/Libraries/FBLazyVector"
  FBReactNativeSpec:
    :path: "../node_modules/react-native/React/FBReactNativeSpec"
  glog:
    :podspec: "../node_modules/react-native/third-party-podspecs/glog.podspec"
  hermes-engine:
    :podspec: "../node_modules/react-native/sdks/hermes-engine/hermes-engine.podspec"
    :tag: hermes-2024-02-20-RNv0.73.5-18f99ace4213052c5e7cdbcd39ee9766cd5df7e4
  RCT-Folly:
    :podspec: "../node_modules/react-native/third-party-podspecs/RCT-Folly.podspec"
  RCTRequired:
    :path: "../node_modules/react-native/Libraries/RCTRequired"
  RCTTypeSafety:
    :path: "../node_modules/react-native/Libraries/TypeSafety"
  React:
    :path: "../node_modules/react-native/"
  React-callinvoker:
    :path: "../node_modules/react-native/ReactCommon/callinvoker"
  React-Codegen:
    :path: build/generated/ios
  React-Core:
    :path: "../node_modules/react-native/"
  React-CoreModules:
    :path: "../node_modules/react-native/React/CoreModules"
  React-cxxreact:
    :path: "../node_modules/react-native/ReactCommon/cxxreact"
  React-debug:
    :path: "../node_modules/react-native/ReactCommon/react/debug"
  React-Fabric:
    :path: "../node_modules/react-native/ReactCommon"
  React-FabricImage:
    :path: "../node_modules/react-native/ReactCommon"
  React-graphics:
    :path: "../node_modules/react-native/ReactCommon/react/renderer/graphics"
  React-hermes:
    :path: "../node_modules/react-native/ReactCommon/hermes"
  React-ImageManager:
    :path: "../node_modules/react-native/ReactCommon/react/renderer/imagemanager/platform/ios"
  React-jserrorhandler:
    :path: "../node_modules/react-native/ReactCommon/jserrorhandler"
  React-jsi:
    :path: "../node_modules/react-native/ReactCommon/jsi"
  React-jsiexecutor:
    :path: "../node_modules/react-native/ReactCommon/jsiexecutor"
  React-jsinspector:
    :path: "../node_modules/react-native/ReactCommon/jsinspector-modern"
  React-logger:
    :path: "../node_modules/react-native/ReactCommon/logger"
  React-Mapbuffer:
    :path: "../node_modules/react-native/ReactCommon"
  react-native-safe-area-context:
    :path: "../node_modules/react-native-safe-area-context"
  React-nativeconfig:
    :path: "../node_modules/react-native/ReactCommon"
  React-NativeModulesApple:
    :path: "../node_modules/react-native/ReactCommon/react/nativemodule/core/platform/ios"
  React-perflogger:
    :path: "../node_modules/react-native/ReactCommon/reactperflogger"
  React-RCTActionSheet:
    :path: "../node_modules/react-native/Libraries/ActionSheetIOS"
  React-RCTAnimation:
    :path: "../node_modules/react-native/Libraries/NativeAnimation"
  React-RCTAppDelegate:
    :path: "../node_modules/react-native/Libraries/AppDelegate"
  React-RCTBlob:
    :path: "../node_modules/react-native/Libraries/Blob"
  React-RCTFabric:
    :path: "../node_modules/react-native/React"
  React-RCTImage:
    :path: "../node_modules/react-native/Libraries/Image"
  React-RCTLinking:
    :path: "../node_modules/react-native/Libraries/LinkingIOS"
  React-RCTNetwork:
    :path: "../node_modules/react-native/Libraries/Network"
  React-RCTSettings:
    :path: "../node_modules/react-native/Libraries/Settings"
  React-RCTText:
    :path: "../node_modules/react-native/Libraries/Text"
  React-RCTVibration:
    :path: "../node_modules/react-native/Libraries/Vibration"
  React-rendererdebug:
    :path: "../node_modules/react-native/ReactCommon/react/renderer/debug"
  React-rncore:
    :path: "../node_modules/react-native/ReactCommon"
  React-runtimeexecutor:
    :path: "../node_modules/react-native/ReactCommon/runtimeexecutor"
  React-runtimescheduler:
    :path: "../node_modules/react-native/ReactCommon/react/renderer/runtimescheduler"
  React-utils:
    :path: "../node_modules/react-native/ReactCommon/react/utils"
  ReactCommon:
    :path: "../node_modules/react-native/ReactCommon"
  RNPaywalls:
    :path: "../../../react-native-purchases-ui"
  RNPurchases:
    :path: "../../.."
  RNScreens:
    :path: "../node_modules/react-native-screens"
  Yoga:
    :path: "../node_modules/react-native/ReactCommon/yoga"

SPEC CHECKSUMS:
  boost: d3f49c53809116a5d38da093a8aa78bf551aed09
  DoubleConversion: fea03f2699887d960129cc54bba7e52542b6f953
  FBLazyVector: 56e0e498dbb513b96c40bac6284729ba4e62672d
  FBReactNativeSpec: 146c741a3f40361f6bc13a4ba284678cbedb5881
  fmt: ff9d55029c625d3757ed641535fd4a75fedc7ce9
  glog: c5d68082e772fa1c511173d6b30a9de2c05a69a2
  hermes-engine: 1d1835b2cc54c381909d94d1b3c8e0a2f1a94a0e
  libevent: 4049cae6c81cdb3654a443be001fb9bdceff7913
  OpenSSL-Universal: ebc357f1e6bc71fa463ccb2fe676756aff50e88c
  PurchasesHybridCommon: 5257cc1e726aab5867097f40c3c5661f294e8b06
  PurchasesHybridCommonUI: fd180a4d2862ecb5edd9db404f4a17314baac66f
  RCT-Folly: 424b8c9a7a0b9ab2886ffe9c3b041ef628fd4fb1
  RCTRequired: 5c6fd63b03abb06947d348dadac51c93e3485bd8
  RCTTypeSafety: 1c66daedd66f674e39ce9f40782f0d490c78b175
  React: e11ca7cdc7aa4ddd7e6a59278b808cfe17ebbd9f
  React-callinvoker: 77a82869505c96945c074b80bbdc8df919646d51
  React-Codegen: 9ee33090c38ab3da3c4dc029924d50fb649f0dfc
  React-Core: 44903e47b428a491f48fd0eae54caddb2ea05ebf
  React-CoreModules: 83d989defdfc82be1f7386f84a56b6509f54ac74
  React-cxxreact: 058e7e6349649eae9cfcdec5854e702b26298932
  React-hermes: ba19a405804b833c9b832c1f2061ad5038bb97f2
  React-jsi: 3fe6f589c9cafbef85ed5a4be7c6dc8edfb4ab54
  React-jsiexecutor: 7894956638ff3e00819dd3f9f6f4a84da38f2409
  React-jsinspector: d5ce2ef3eb8fd30c28389d0bc577918c70821bd6
  React-logger: 9332c3e7b4ef007a0211c0a9868253aac3e1da82
  react-native-safe-area-context: 0ee144a6170530ccc37a0fd9388e28d06f516a89
  React-perflogger: 43392072a5b867a504e2b4857606f8fc5a403d7f
  React-RCTActionSheet: c7b67c125bebeda9fb19fc7b200d85cb9d6899c4
  React-RCTAnimation: c2de79906f607986633a7114bee44854e4c7e2f5
  React-RCTAppDelegate: 96bc933c3228a549718a6475c4d3f9dd4bbae98d
  React-RCTBlob: cf72446957310e7da6627a4bdaadf970d3a8f232
  React-RCTImage: c6093f1bf3d67c0428d779b00390617d5bd90699
  React-RCTLinking: 5de47e37937889d22599af4b99d0552bad1b1c3c
  React-RCTNetwork: e7d7077e073b08e5dd486fba3fe87ccad90a9bc4
  React-RCTSettings: 72a04921b2e8fb832da7201a60ffffff2a7c62f7
  React-RCTText: 7123c70fef5367e2121fea37e65b9ad6d3747e54
  React-RCTVibration: 73d201599a64ea14b4e0b8f91b64970979fd92e6
  React-runtimeexecutor: 8692ac548bec648fa121980ccb4304afd136d584
  ReactCommon: 0c43eaeaaee231d7d8dc24fc5a6e4cf2b75bf196
  RevenueCat: 40e259013468caf616c49cd67a78e5754f123547
  RevenueCatUI: 7b9d1cc5ca8e5eabb92be8ee39c7c2352561041d
  RNPaywalls: d2369def7727f3b74c51f971625d16978bcc895d
  RNPurchases: fd2314142b1ea4299d3edb89c362e735f5f4ce9a
  RNScreens: 3c5b9f4a9dcde752466854b6109b79c0e205dad3
  SocketRocket: f32cd54efbe0f095c4d7594881e52619cfe80b17
  Yoga: a716eea57d0d3430219c0a5a233e1e93ee931eb7

PODFILE CHECKSUM: 0ba7730e6826403cbf5ed12eaccbfb772c95217e

COCOAPODS: 1.15.2
